
Microsoft Visual Studio Solution File, Format Version 11.00
# Visual Studio 2010
Project("{FAE04EC0-301F-11D3-BF4B-00C04F79EFBC}") = "UnityEngine.TestRunner", "UnityEngine.TestRunner.csproj", "{6e34b575-c342-29b5-2fb5-1f91239d439b}"
EndProject
Project("{FAE04EC0-301F-11D3-BF4B-00C04F79EFBC}") = "Unity.VisualScripting.Flow", "Unity.VisualScripting.Flow.csproj", "{e55b9ce0-4d9a-f63f-84c8-3a85c8ff234e}"
EndProject
Project("{FAE04EC0-301F-11D3-BF4B-00C04F79EFBC}") = "Unity.InputSystem", "Unity.InputSystem.csproj", "{654078c5-0a9c-9d5c-152c-ab67cadb2c7c}"
EndProject
Project("{FAE04EC0-301F-11D3-BF4B-00C04F79EFBC}") = "Unity.VisualScripting.State", "Unity.VisualScripting.State.csproj", "{429cd159-305b-55e7-3fdd-6831864801c8}"
EndProject
Project("{FAE04EC0-301F-11D3-BF4B-00C04F79EFBC}") = "Unity.VisualScripting.Core", "Unity.VisualScripting.Core.csproj", "{5c07d5dc-078c-4277-8a63-31d437326d36}"
EndProject
Project("{FAE04EC0-301F-11D3-BF4B-00C04F79EFBC}") = "Unity.TextMeshPro", "Unity.TextMeshPro.csproj", "{03a9d88a-062a-0ad2-45cd-8e209e202fcd}"
EndProject
Project("{FAE04EC0-301F-11D3-BF4B-00C04F79EFBC}") = "Cinemachine", "Cinemachine.csproj", "{9f4babdc-a4a3-25e1-8d44-40038cd152b3}"
EndProject
Project("{FAE04EC0-301F-11D3-BF4B-00C04F79EFBC}") = "Unity.Timeline", "Unity.Timeline.csproj", "{d82b9973-57b0-58d1-2529-850756733c4a}"
EndProject
Project("{FAE04EC0-301F-11D3-BF4B-00C04F79EFBC}") = "Assembly-CSharp", "Assembly-CSharp.csproj", "{f9bd4a1e-74ca-888d-2bb5-7878f04c3345}"
EndProject
Project("{FAE04EC0-301F-11D3-BF4B-00C04F79EFBC}") = "Unity.PlasticSCM.Editor", "Unity.PlasticSCM.Editor.csproj", "{e35958e0-29dd-ac77-2356-2cfaec54e724}"
EndProject
Project("{FAE04EC0-301F-11D3-BF4B-00C04F79EFBC}") = "Unity.VisualScripting.Core.Editor", "Unity.VisualScripting.Core.Editor.csproj", "{ff7168d7-f80b-dca9-7bab-f1669c328323}"
EndProject
Project("{FAE04EC0-301F-11D3-BF4B-00C04F79EFBC}") = "Unity.VisualScripting.Flow.Editor", "Unity.VisualScripting.Flow.Editor.csproj", "{a562e73c-1686-e8ac-4503-c48154eaf041}"
EndProject
Project("{FAE04EC0-301F-11D3-BF4B-00C04F79EFBC}") = "Unity.VisualStudio.Editor", "Unity.VisualStudio.Editor.csproj", "{010b5cf6-8ec0-e783-b18f-052dbdb067b2}"
EndProject
Project("{FAE04EC0-301F-11D3-BF4B-00C04F79EFBC}") = "Unity.Timeline.Editor", "Unity.Timeline.Editor.csproj", "{48dd3446-a951-fd85-dd23-bacb3c5e750e}"
EndProject
Project("{FAE04EC0-301F-11D3-BF4B-00C04F79EFBC}") = "com.unity.cinemachine.editor", "com.unity.cinemachine.editor.csproj", "{0442064d-2c40-e555-ffd6-814ed6b74266}"
EndProject
Project("{FAE04EC0-301F-11D3-BF4B-00C04F79EFBC}") = "Unity.VisualScripting.State.Editor", "Unity.VisualScripting.State.Editor.csproj", "{b385afd0-dd4d-9085-49e7-e37b0f0b3b11}"
EndProject
Project("{FAE04EC0-301F-11D3-BF4B-00C04F79EFBC}") = "Unity.TextMeshPro.Editor", "Unity.TextMeshPro.Editor.csproj", "{5cd8b633-792a-a41e-1011-823f52760b3c}"
EndProject
Project("{FAE04EC0-301F-11D3-BF4B-00C04F79EFBC}") = "Unity.VisualScripting.SettingsProvider.Editor", "Unity.VisualScripting.SettingsProvider.Editor.csproj", "{1380da6c-9a53-6185-c6f9-9c753ae6e40d}"
EndProject
Project("{FAE04EC0-301F-11D3-BF4B-00C04F79EFBC}") = "Unity.CollabProxy.Editor", "Unity.CollabProxy.Editor.csproj", "{ede4a2bb-68f6-30cc-927c-4222c9f29000}"
EndProject
Project("{FAE04EC0-301F-11D3-BF4B-00C04F79EFBC}") = "UnityEditor.TestRunner", "UnityEditor.TestRunner.csproj", "{0ee5e8ac-f53d-ae7c-c8ad-1c7230cc15b3}"
EndProject
Project("{FAE04EC0-301F-11D3-BF4B-00C04F79EFBC}") = "Unity.TestTools.CodeCoverage.Editor", "Unity.TestTools.CodeCoverage.Editor.csproj", "{1ff333b4-6eb0-2f77-d6e4-347e1ce4b40c}"
EndProject
Project("{FAE04EC0-301F-11D3-BF4B-00C04F79EFBC}") = "Unity.Rider.Editor", "Unity.Rider.Editor.csproj", "{c7e989e3-9d0f-e2a6-7466-526f4fcde0dc}"
EndProject
Project("{FAE04EC0-301F-11D3-BF4B-00C04F79EFBC}") = "Unity.Services.Core.Editor", "Unity.Services.Core.Editor.csproj", "{bc59b217-3411-0ee9-4491-567defefc1d3}"
EndProject
Project("{FAE04EC0-301F-11D3-BF4B-00C04F79EFBC}") = "Unity.Performance.Profile-Analyzer.Editor", "Unity.Performance.Profile-Analyzer.Editor.csproj", "{3926e2ab-69de-7a25-e406-b9891f084ff7}"
EndProject
Project("{FAE04EC0-301F-11D3-BF4B-00C04F79EFBC}") = "Unity.VSCode.Editor", "Unity.VSCode.Editor.csproj", "{172f666f-3d3e-0334-30b3-238ed1172049}"
EndProject
Project("{FAE04EC0-301F-11D3-BF4B-00C04F79EFBC}") = "Unity.TestTools.CodeCoverage.Editor.OpenCover.Model", "Unity.TestTools.CodeCoverage.Editor.OpenCover.Model.csproj", "{011ff200-33e2-3b76-764b-1fbdca751912}"
EndProject
Project("{FAE04EC0-301F-11D3-BF4B-00C04F79EFBC}") = "Unity.EditorCoroutines.Editor", "Unity.EditorCoroutines.Editor.csproj", "{388ddb78-5771-72d6-297c-964fbd036901}"
EndProject
Project("{FAE04EC0-301F-11D3-BF4B-00C04F79EFBC}") = "Unity.Settings.Editor", "Unity.Settings.Editor.csproj", "{5fad104f-8549-ec00-b639-de1dab3600bd}"
EndProject
Project("{FAE04EC0-301F-11D3-BF4B-00C04F79EFBC}") = "Assembly-CSharp-Editor", "Assembly-CSharp-Editor.csproj", "{d900cccd-cbab-fbe4-f55c-d229ee9823bd}"
EndProject
Project("{FAE04EC0-301F-11D3-BF4B-00C04F79EFBC}") = "Unity.TestTools.CodeCoverage.Editor.OpenCover.Mono.Reflection", "Unity.TestTools.CodeCoverage.Editor.OpenCover.Mono.Reflection.csproj", "{71e55b22-eed2-86f0-414a-03eea50e6166}"
EndProject
Project("{FAE04EC0-301F-11D3-BF4B-00C04F79EFBC}") = "Unity.VisualScripting.Shared.Editor", "Unity.VisualScripting.Shared.Editor.csproj", "{30f3a8c3-fa5c-9457-355c-1130be49f536}"
EndProject
Global
	GlobalSection(SolutionConfigurationPlatforms) = preSolution
		Debug|Any CPU = Debug|Any CPU
	EndGlobalSection
	GlobalSection(ProjectConfigurationPlatforms) = postSolution
		{6e34b575-c342-29b5-2fb5-1f91239d439b}.Debug|Any CPU.ActiveCfg = Debug|Any CPU
		{6e34b575-c342-29b5-2fb5-1f91239d439b}.Debug|Any CPU.Build.0 = Debug|Any CPU
		{e55b9ce0-4d9a-f63f-84c8-3a85c8ff234e}.Debug|Any CPU.ActiveCfg = Debug|Any CPU
		{e55b9ce0-4d9a-f63f-84c8-3a85c8ff234e}.Debug|Any CPU.Build.0 = Debug|Any CPU
		{654078c5-0a9c-9d5c-152c-ab67cadb2c7c}.Debug|Any CPU.ActiveCfg = Debug|Any CPU
		{654078c5-0a9c-9d5c-152c-ab67cadb2c7c}.Debug|Any CPU.Build.0 = Debug|Any CPU
		{429cd159-305b-55e7-3fdd-6831864801c8}.Debug|Any CPU.ActiveCfg = Debug|Any CPU
		{429cd159-305b-55e7-3fdd-6831864801c8}.Debug|Any CPU.Build.0 = Debug|Any CPU
		{5c07d5dc-078c-4277-8a63-31d437326d36}.Debug|Any CPU.ActiveCfg = Debug|Any CPU
		{5c07d5dc-078c-4277-8a63-31d437326d36}.Debug|Any CPU.Build.0 = Debug|Any CPU
		{03a9d88a-062a-0ad2-45cd-8e209e202fcd}.Debug|Any CPU.ActiveCfg = Debug|Any CPU
		{03a9d88a-062a-0ad2-45cd-8e209e202fcd}.Debug|Any CPU.Build.0 = Debug|Any CPU
		{9f4babdc-a4a3-25e1-8d44-40038cd152b3}.Debug|Any CPU.ActiveCfg = Debug|Any CPU
		{9f4babdc-a4a3-25e1-8d44-40038cd152b3}.Debug|Any CPU.Build.0 = Debug|Any CPU
		{d82b9973-57b0-58d1-2529-850756733c4a}.Debug|Any CPU.ActiveCfg = Debug|Any CPU
		{d82b9973-57b0-58d1-2529-850756733c4a}.Debug|Any CPU.Build.0 = Debug|Any CPU
		{f9bd4a1e-74ca-888d-2bb5-7878f04c3345}.Debug|Any CPU.ActiveCfg = Debug|Any CPU
		{f9bd4a1e-74ca-888d-2bb5-7878f04c3345}.Debug|Any CPU.Build.0 = Debug|Any CPU
		{e35958e0-29dd-ac77-2356-2cfaec54e724}.Debug|Any CPU.ActiveCfg = Debug|Any CPU
		{e35958e0-29dd-ac77-2356-2cfaec54e724}.Debug|Any CPU.Build.0 = Debug|Any CPU
		{ff7168d7-f80b-dca9-7bab-f1669c328323}.Debug|Any CPU.ActiveCfg = Debug|Any CPU
		{ff7168d7-f80b-dca9-7bab-f1669c328323}.Debug|Any CPU.Build.0 = Debug|Any CPU
		{a562e73c-1686-e8ac-4503-c48154eaf041}.Debug|Any CPU.ActiveCfg = Debug|Any CPU
		{a562e73c-1686-e8ac-4503-c48154eaf041}.Debug|Any CPU.Build.0 = Debug|Any CPU
		{010b5cf6-8ec0-e783-b18f-052dbdb067b2}.Debug|Any CPU.ActiveCfg = Debug|Any CPU
		{010b5cf6-8ec0-e783-b18f-052dbdb067b2}.Debug|Any CPU.Build.0 = Debug|Any CPU
		{48dd3446-a951-fd85-dd23-bacb3c5e750e}.Debug|Any CPU.ActiveCfg = Debug|Any CPU
		{48dd3446-a951-fd85-dd23-bacb3c5e750e}.Debug|Any CPU.Build.0 = Debug|Any CPU
		{0442064d-2c40-e555-ffd6-814ed6b74266}.Debug|Any CPU.ActiveCfg = Debug|Any CPU
		{0442064d-2c40-e555-ffd6-814ed6b74266}.Debug|Any CPU.Build.0 = Debug|Any CPU
		{b385afd0-dd4d-9085-49e7-e37b0f0b3b11}.Debug|Any CPU.ActiveCfg = Debug|Any CPU
		{b385afd0-dd4d-9085-49e7-e37b0f0b3b11}.Debug|Any CPU.Build.0 = Debug|Any CPU
		{5cd8b633-792a-a41e-1011-823f52760b3c}.Debug|Any CPU.ActiveCfg = Debug|Any CPU
		{5cd8b633-792a-a41e-1011-823f52760b3c}.Debug|Any CPU.Build.0 = Debug|Any CPU
		{1380da6c-9a53-6185-c6f9-9c753ae6e40d}.Debug|Any CPU.ActiveCfg = Debug|Any CPU
		{1380da6c-9a53-6185-c6f9-9c753ae6e40d}.Debug|Any CPU.Build.0 = Debug|Any CPU
		{ede4a2bb-68f6-30cc-927c-4222c9f29000}.Debug|Any CPU.ActiveCfg = Debug|Any CPU
		{ede4a2bb-68f6-30cc-927c-4222c9f29000}.Debug|Any CPU.Build.0 = Debug|Any CPU
		{0ee5e8ac-f53d-ae7c-c8ad-1c7230cc15b3}.Debug|Any CPU.ActiveCfg = Debug|Any CPU
		{0ee5e8ac-f53d-ae7c-c8ad-1c7230cc15b3}.Debug|Any CPU.Build.0 = Debug|Any CPU
		{1ff333b4-6eb0-2f77-d6e4-347e1ce4b40c}.Debug|Any CPU.ActiveCfg = Debug|Any CPU
		{1ff333b4-6eb0-2f77-d6e4-347e1ce4b40c}.Debug|Any CPU.Build.0 = Debug|Any CPU
		{c7e989e3-9d0f-e2a6-7466-526f4fcde0dc}.Debug|Any CPU.ActiveCfg = Debug|Any CPU
		{c7e989e3-9d0f-e2a6-7466-526f4fcde0dc}.Debug|Any CPU.Build.0 = Debug|Any CPU
		{bc59b217-3411-0ee9-4491-567defefc1d3}.Debug|Any CPU.ActiveCfg = Debug|Any CPU
		{bc59b217-3411-0ee9-4491-567defefc1d3}.Debug|Any CPU.Build.0 = Debug|Any CPU
		{3926e2ab-69de-7a25-e406-b9891f084ff7}.Debug|Any CPU.ActiveCfg = Debug|Any CPU
		{3926e2ab-69de-7a25-e406-b9891f084ff7}.Debug|Any CPU.Build.0 = Debug|Any CPU
		{172f666f-3d3e-0334-30b3-238ed1172049}.Debug|Any CPU.ActiveCfg = Debug|Any CPU
		{172f666f-3d3e-0334-30b3-238ed1172049}.Debug|Any CPU.Build.0 = Debug|Any CPU
		{011ff200-33e2-3b76-764b-1fbdca751912}.Debug|Any CPU.ActiveCfg = Debug|Any CPU
		{011ff200-33e2-3b76-764b-1fbdca751912}.Debug|Any CPU.Build.0 = Debug|Any CPU
		{388ddb78-5771-72d6-297c-964fbd036901}.Debug|Any CPU.ActiveCfg = Debug|Any CPU
		{388ddb78-5771-72d6-297c-964fbd036901}.Debug|Any CPU.Build.0 = Debug|Any CPU
		{5fad104f-8549-ec00-b639-de1dab3600bd}.Debug|Any CPU.ActiveCfg = Debug|Any CPU
		{5fad104f-8549-ec00-b639-de1dab3600bd}.Debug|Any CPU.Build.0 = Debug|Any CPU
		{d900cccd-cbab-fbe4-f55c-d229ee9823bd}.Debug|Any CPU.ActiveCfg = Debug|Any CPU
		{d900cccd-cbab-fbe4-f55c-d229ee9823bd}.Debug|Any CPU.Build.0 = Debug|Any CPU
		{71e55b22-eed2-86f0-414a-03eea50e6166}.Debug|Any CPU.ActiveCfg = Debug|Any CPU
		{71e55b22-eed2-86f0-414a-03eea50e6166}.Debug|Any CPU.Build.0 = Debug|Any CPU
		{30f3a8c3-fa5c-9457-355c-1130be49f536}.Debug|Any CPU.ActiveCfg = Debug|Any CPU
		{30f3a8c3-fa5c-9457-355c-1130be49f536}.Debug|Any CPU.Build.0 = Debug|Any CPU
	EndGlobalSection
	GlobalSection(SolutionProperties) = preSolution
		HideSolutionNode = FALSE
	EndGlobalSection
EndGlobal
