
Microsoft Visual Studio Solution File, Format Version 11.00
# Visual Studio 2010
Project("{FAE04EC0-301F-11D3-BF4B-00C04F79EFBC}") = "Assembly-CSharp", "Assembly-CSharp.csproj", "{f9bd4a1e-74ca-888d-2bb5-7878f04c3345}"
EndProject
Project("{FAE04EC0-301F-11D3-BF4B-00C04F79EFBC}") = "PandaBehaviour", "PandaBehaviour.csproj", "{d2fc717d-7a29-31fe-f520-84ba34258bee}"
EndProject
Project("{FAE04EC0-301F-11D3-BF4B-00C04F79EFBC}") = "Assembly-CSharp-Editor", "Assembly-CSharp-Editor.csproj", "{d900cccd-cbab-fbe4-f55c-d229ee9823bd}"
EndProject
Project("{FAE04EC0-301F-11D3-BF4B-00C04F79EFBC}") = "PandaBehaviourEditor", "PandaBehaviourEditor.csproj", "{628a2eae-c199-8630-b3b5-7bbf2d8c7608}"
EndProject
Global
	GlobalSection(SolutionConfigurationPlatforms) = preSolution
		Debug|Any CPU = Debug|Any CPU
	EndGlobalSection
	GlobalSection(ProjectConfigurationPlatforms) = postSolution
		{f9bd4a1e-74ca-888d-2bb5-7878f04c3345}.Debug|Any CPU.ActiveCfg = Debug|Any CPU
		{f9bd4a1e-74ca-888d-2bb5-7878f04c3345}.Debug|Any CPU.Build.0 = Debug|Any CPU
		{d2fc717d-7a29-31fe-f520-84ba34258bee}.Debug|Any CPU.ActiveCfg = Debug|Any CPU
		{d2fc717d-7a29-31fe-f520-84ba34258bee}.Debug|Any CPU.Build.0 = Debug|Any CPU
		{d900cccd-cbab-fbe4-f55c-d229ee9823bd}.Debug|Any CPU.ActiveCfg = Debug|Any CPU
		{d900cccd-cbab-fbe4-f55c-d229ee9823bd}.Debug|Any CPU.Build.0 = Debug|Any CPU
		{628a2eae-c199-8630-b3b5-7bbf2d8c7608}.Debug|Any CPU.ActiveCfg = Debug|Any CPU
		{628a2eae-c199-8630-b3b5-7bbf2d8c7608}.Debug|Any CPU.Build.0 = Debug|Any CPU
	EndGlobalSection
	GlobalSection(SolutionProperties) = preSolution
		HideSolutionNode = FALSE
	EndGlobalSection
EndGlobal
